// !$*UTF8*$!
{
	archiveVersion = 1;
	classes = {
	};
	objectVersion = 46;
	objects = {

/* Begin PBXBuildFile section */
		960EBA121CEA8472007B8171 /* ConnectViewController.swift in Sources */ = {isa = PBXBuildFile; fileRef = 960EBA111CEA8472007B8171 /* ConnectViewController.swift */; };
		9682B8C31CEA92B500EEA064 /* Authentication.swift in Sources */ = {isa = PBXBuildFile; fileRef = 9682B8C21CEA92B500EEA064 /* Authentication.swift */; };
		96B34CD41CE548C500B6F4E8 /* AppDelegate.swift in Sources */ = {isa = PBXBuildFile; fileRef = 96B34CD31CE548C500B6F4E8 /* AppDelegate.swift */; };
		96B34CD61CE548C500B6F4E8 /* MasterViewController.swift in Sources */ = {isa = PBXBuildFile; fileRef = 96B34CD51CE548C500B6F4E8 /* MasterViewController.swift */; };
		96B34CD81CE548C500B6F4E8 /* DetailViewController.swift in Sources */ = {isa = PBXBuildFile; fileRef = 96B34CD71CE548C500B6F4E8 /* DetailViewController.swift */; };
		96B34CDB1CE548C500B6F4E8 /* Main.storyboard in Resources */ = {isa = PBXBuildFile; fileRef = 96B34CD91CE548C500B6F4E8 /* Main.storyboard */; };
		96B34CDD1CE548C500B6F4E8 /* Assets.xcassets in Resources */ = {isa = PBXBuildFile; fileRef = 96B34CDC1CE548C500B6F4E8 /* Assets.xcassets */; };
		96B34CE01CE548C500B6F4E8 /* LaunchScreen.storyboard in Resources */ = {isa = PBXBuildFile; fileRef = 96B34CDE1CE548C500B6F4E8 /* LaunchScreen.storyboard */; };
		96B34CE81CE54D1000B6F4E8 /* Snippets.swift in Sources */ = {isa = PBXBuildFile; fileRef = 96B34CE71CE54D1000B6F4E8 /* Snippets.swift */; };
		96C4ED931CF6165A00B97245 /* SampleImage.png in Resources */ = {isa = PBXBuildFile; fileRef = 96C4ED921CF6165A00B97245 /* SampleImage.png */; };
		96C4ED971CF6707600B97245 /* UserSnippets.swift in Sources */ = {isa = PBXBuildFile; fileRef = 96C4ED961CF6707600B97245 /* UserSnippets.swift */; };
		96C4ED991CF6709D00B97245 /* GroupsSnippets.swift in Sources */ = {isa = PBXBuildFile; fileRef = 96C4ED981CF6709D00B97245 /* GroupsSnippets.swift */; };
		96C80A781CEA93AA005D8FC4 /* ApplicationConstants.swift in Sources */ = {isa = PBXBuildFile; fileRef = 96C80A771CEA93AA005D8FC4 /* ApplicationConstants.swift */; };
		96E8E3761CF3D5CE00E3795C /* EmailBody.html in Resources */ = {isa = PBXBuildFile; fileRef = 96E8E3751CF3D5CE00E3795C /* EmailBody.html */; };
		A94B5F82F665609A7EC85492 /* libPods-Graph-iOS-Swift-Snippets.a in Frameworks */ = {isa = PBXBuildFile; fileRef = A432D87B00168EC956CE5957 /* libPods-Graph-iOS-Swift-Snippets.a */; };
/* End PBXBuildFile section */

/* Begin PBXFileReference section */
		1A6FD9F3B470B571895415AF /* Pods-Graph-iOS-Swift-Snippets.debug.xcconfig */ = {isa = PBXFileReference; includeInIndex = 1; lastKnownFileType = text.xcconfig; name = "Pods-Graph-iOS-Swift-Snippets.debug.xcconfig"; path = "Pods/Target Support Files/Pods-Graph-iOS-Swift-Snippets/Pods-Graph-iOS-Swift-Snippets.debug.xcconfig"; sourceTree = "<group>"; };
		88338EAC202F86B11BFC9413 /* Pods-Graph-iOS-Swift-Snippets.release.xcconfig */ = {isa = PBXFileReference; includeInIndex = 1; lastKnownFileType = text.xcconfig; name = "Pods-Graph-iOS-Swift-Snippets.release.xcconfig"; path = "Pods/Target Support Files/Pods-Graph-iOS-Swift-Snippets/Pods-Graph-iOS-Swift-Snippets.release.xcconfig"; sourceTree = "<group>"; };
		960EBA111CEA8472007B8171 /* ConnectViewController.swift */ = {isa = PBXFileReference; fileEncoding = 4; lastKnownFileType = sourcecode.swift; path = ConnectViewController.swift; sourceTree = "<group>"; };
		9682B8C21CEA92B500EEA064 /* Authentication.swift */ = {isa = PBXFileReference; fileEncoding = 4; lastKnownFileType = sourcecode.swift; path = Authentication.swift; sourceTree = "<group>"; };
		96B34CD01CE548C500B6F4E8 /* Graph-iOS-Swift-Snippets.app */ = {isa = PBXFileReference; explicitFileType = wrapper.application; includeInIndex = 0; path = "Graph-iOS-Swift-Snippets.app"; sourceTree = BUILT_PRODUCTS_DIR; };
		96B34CD31CE548C500B6F4E8 /* AppDelegate.swift */ = {isa = PBXFileReference; lastKnownFileType = sourcecode.swift; path = AppDelegate.swift; sourceTree = "<group>"; };
		96B34CD51CE548C500B6F4E8 /* MasterViewController.swift */ = {isa = PBXFileReference; lastKnownFileType = sourcecode.swift; path = MasterViewController.swift; sourceTree = "<group>"; };
		96B34CD71CE548C500B6F4E8 /* DetailViewController.swift */ = {isa = PBXFileReference; lastKnownFileType = sourcecode.swift; path = DetailViewController.swift; sourceTree = "<group>"; };
		96B34CDA1CE548C500B6F4E8 /* Base */ = {isa = PBXFileReference; lastKnownFileType = file.storyboard; name = Base; path = Base.lproj/Main.storyboard; sourceTree = "<group>"; };
		96B34CDC1CE548C500B6F4E8 /* Assets.xcassets */ = {isa = PBXFileReference; lastKnownFileType = folder.assetcatalog; path = Assets.xcassets; sourceTree = "<group>"; };
		96B34CDF1CE548C500B6F4E8 /* Base */ = {isa = PBXFileReference; lastKnownFileType = file.storyboard; name = Base; path = Base.lproj/LaunchScreen.storyboard; sourceTree = "<group>"; };
		96B34CE11CE548C500B6F4E8 /* Info.plist */ = {isa = PBXFileReference; lastKnownFileType = text.plist.xml; path = Info.plist; sourceTree = "<group>"; };
		96B34CE71CE54D1000B6F4E8 /* Snippets.swift */ = {isa = PBXFileReference; fileEncoding = 4; lastKnownFileType = sourcecode.swift; path = Snippets.swift; sourceTree = "<group>"; };
		96C4ED921CF6165A00B97245 /* SampleImage.png */ = {isa = PBXFileReference; lastKnownFileType = image.png; path = SampleImage.png; sourceTree = "<group>"; };
		96C4ED961CF6707600B97245 /* UserSnippets.swift */ = {isa = PBXFileReference; fileEncoding = 4; lastKnownFileType = sourcecode.swift; path = UserSnippets.swift; sourceTree = "<group>"; };
		96C4ED981CF6709D00B97245 /* GroupsSnippets.swift */ = {isa = PBXFileReference; fileEncoding = 4; lastKnownFileType = sourcecode.swift; path = GroupsSnippets.swift; sourceTree = "<group>"; };
		96C80A731CEA9377005D8FC4 /* Graph-iOS-Swift-Snippets-Bridging-Header.h */ = {isa = PBXFileReference; lastKnownFileType = sourcecode.c.h; path = "Graph-iOS-Swift-Snippets-Bridging-Header.h"; sourceTree = "<group>"; };
		96C80A771CEA93AA005D8FC4 /* ApplicationConstants.swift */ = {isa = PBXFileReference; fileEncoding = 4; lastKnownFileType = sourcecode.swift; path = ApplicationConstants.swift; sourceTree = "<group>"; };
		96E8E3751CF3D5CE00E3795C /* EmailBody.html */ = {isa = PBXFileReference; fileEncoding = 4; lastKnownFileType = text.html; path = EmailBody.html; sourceTree = "<group>"; };
		A432D87B00168EC956CE5957 /* libPods-Graph-iOS-Swift-Snippets.a */ = {isa = PBXFileReference; explicitFileType = archive.ar; includeInIndex = 0; path = "libPods-Graph-iOS-Swift-Snippets.a"; sourceTree = BUILT_PRODUCTS_DIR; };
/* End PBXFileReference section */

/* Begin PBXFrameworksBuildPhase section */
		96B34CCD1CE548C500B6F4E8 /* Frameworks */ = {
			isa = PBXFrameworksBuildPhase;
			buildActionMask = 2147483647;
			files = (
				A94B5F82F665609A7EC85492 /* libPods-Graph-iOS-Swift-Snippets.a in Frameworks */,
			);
			runOnlyForDeploymentPostprocessing = 0;
		};
/* End PBXFrameworksBuildPhase section */

/* Begin PBXGroup section */
		7C1FBF706E7B6E2D09FCBD79 /* Pods */ = {
			isa = PBXGroup;
			children = (
				1A6FD9F3B470B571895415AF /* Pods-Graph-iOS-Swift-Snippets.debug.xcconfig */,
				88338EAC202F86B11BFC9413 /* Pods-Graph-iOS-Swift-Snippets.release.xcconfig */,
			);
			name = Pods;
			sourceTree = "<group>";
		};
		96B34CC71CE548C500B6F4E8 = {
			isa = PBXGroup;
			children = (
				96B34CD21CE548C500B6F4E8 /* Graph-iOS-Swift-Snippets */,
				96B34CD11CE548C500B6F4E8 /* Products */,
				7C1FBF706E7B6E2D09FCBD79 /* Pods */,
				9F04E14C6BD42E60D6DC42D4 /* Frameworks */,
			);
			sourceTree = "<group>";
		};
		96B34CD11CE548C500B6F4E8 /* Products */ = {
			isa = PBXGroup;
			children = (
				96B34CD01CE548C500B6F4E8 /* Graph-iOS-Swift-Snippets.app */,
			);
			name = Products;
			sourceTree = "<group>";
		};
		96B34CD21CE548C500B6F4E8 /* Graph-iOS-Swift-Snippets */ = {
			isa = PBXGroup;
			children = (
				96C4ED9D1CF6716D00B97245 /* Application */,
				96C4ED9C1CF6715600B97245 /* Views */,
				96C4ED9B1CF6713300B97245 /* Authentication */,
				96C4ED9A1CF6712200B97245 /* Controllers */,
				96C4ED951CF6705D00B97245 /* Snippets */,
				96C4ED941CF66BFD00B97245 /* Resources */,
			);
			path = "Graph-iOS-Swift-Snippets";
			sourceTree = "<group>";
		};
		96C4ED941CF66BFD00B97245 /* Resources */ = {
			isa = PBXGroup;
			children = (
				96B34CE11CE548C500B6F4E8 /* Info.plist */,
				96B34CDC1CE548C500B6F4E8 /* Assets.xcassets */,
				96C4ED921CF6165A00B97245 /* SampleImage.png */,
				96E8E3751CF3D5CE00E3795C /* EmailBody.html */,
			);
			name = Resources;
			sourceTree = "<group>";
		};
		96C4ED951CF6705D00B97245 /* Snippets */ = {
			isa = PBXGroup;
			children = (
				96B34CE71CE54D1000B6F4E8 /* Snippets.swift */,
				96C4ED961CF6707600B97245 /* UserSnippets.swift */,
				96C4ED981CF6709D00B97245 /* GroupsSnippets.swift */,
			);
			name = Snippets;
			sourceTree = "<group>";
		};
		96C4ED9A1CF6712200B97245 /* Controllers */ = {
			isa = PBXGroup;
			children = (
				96B34CD31CE548C500B6F4E8 /* AppDelegate.swift */,
				960EBA111CEA8472007B8171 /* ConnectViewController.swift */,
				96B34CD51CE548C500B6F4E8 /* MasterViewController.swift */,
				96B34CD71CE548C500B6F4E8 /* DetailViewController.swift */,
			);
			name = Controllers;
			sourceTree = "<group>";
		};
		96C4ED9B1CF6713300B97245 /* Authentication */ = {
			isa = PBXGroup;
			children = (
				9682B8C21CEA92B500EEA064 /* Authentication.swift */,
			);
			name = Authentication;
			sourceTree = "<group>";
		};
		96C4ED9C1CF6715600B97245 /* Views */ = {
			isa = PBXGroup;
			children = (
				96B34CD91CE548C500B6F4E8 /* Main.storyboard */,
				96B34CDE1CE548C500B6F4E8 /* LaunchScreen.storyboard */,
			);
			name = Views;
			sourceTree = "<group>";
		};
		96C4ED9D1CF6716D00B97245 /* Application */ = {
			isa = PBXGroup;
			children = (
				96C80A731CEA9377005D8FC4 /* Graph-iOS-Swift-Snippets-Bridging-Header.h */,
				96C80A771CEA93AA005D8FC4 /* ApplicationConstants.swift */,
			);
			name = Application;
			sourceTree = "<group>";
		};
		9F04E14C6BD42E60D6DC42D4 /* Frameworks */ = {
			isa = PBXGroup;
			children = (
				A432D87B00168EC956CE5957 /* libPods-Graph-iOS-Swift-Snippets.a */,
			);
			name = Frameworks;
			sourceTree = "<group>";
		};
/* End PBXGroup section */

/* Begin PBXNativeTarget section */
		96B34CCF1CE548C500B6F4E8 /* Graph-iOS-Swift-Snippets */ = {
			isa = PBXNativeTarget;
			buildConfigurationList = 96B34CE41CE548C500B6F4E8 /* Build configuration list for PBXNativeTarget "Graph-iOS-Swift-Snippets" */;
			buildPhases = (
				8548920E38D8B76ACEB030AB /* [CP] Check Pods Manifest.lock */,
				96B34CCC1CE548C500B6F4E8 /* Sources */,
				96B34CCD1CE548C500B6F4E8 /* Frameworks */,
				96B34CCE1CE548C500B6F4E8 /* Resources */,
			);
			buildRules = (
			);
			dependencies = (
			);
			name = "Graph-iOS-Swift-Snippets";
			productName = "Graph-iOS-Swift-Snippets";
			productReference = 96B34CD01CE548C500B6F4E8 /* Graph-iOS-Swift-Snippets.app */;
			productType = "com.apple.product-type.application";
		};
/* End PBXNativeTarget section */

/* Begin PBXProject section */
		96B34CC81CE548C500B6F4E8 /* Project object */ = {
			isa = PBXProject;
			attributes = {
				LastSwiftUpdateCheck = 0730;
				LastUpgradeCheck = 1010;
				ORGANIZATIONNAME = "Jason Kim";
				TargetAttributes = {
					96B34CCF1CE548C500B6F4E8 = {
						CreatedOnToolsVersion = 7.3.1;
					};
				};
			};
			buildConfigurationList = 96B34CCB1CE548C500B6F4E8 /* Build configuration list for PBXProject "Graph-iOS-Swift-Snippets" */;
			compatibilityVersion = "Xcode 3.2";
			developmentRegion = English;
			hasScannedForEncodings = 0;
			knownRegions = (
				en,
				Base,
			);
			mainGroup = 96B34CC71CE548C500B6F4E8;
			productRefGroup = 96B34CD11CE548C500B6F4E8 /* Products */;
			projectDirPath = "";
			projectRoot = "";
			targets = (
				96B34CCF1CE548C500B6F4E8 /* Graph-iOS-Swift-Snippets */,
			);
		};
/* End PBXProject section */

/* Begin PBXResourcesBuildPhase section */
		96B34CCE1CE548C500B6F4E8 /* Resources */ = {
			isa = PBXResourcesBuildPhase;
			buildActionMask = 2147483647;
			files = (
				96B34CE01CE548C500B6F4E8 /* LaunchScreen.storyboard in Resources */,
				96C4ED931CF6165A00B97245 /* SampleImage.png in Resources */,
				96B34CDD1CE548C500B6F4E8 /* Assets.xcassets in Resources */,
				96B34CDB1CE548C500B6F4E8 /* Main.storyboard in Resources */,
				96E8E3761CF3D5CE00E3795C /* EmailBody.html in Resources */,
			);
			runOnlyForDeploymentPostprocessing = 0;
		};
/* End PBXResourcesBuildPhase section */

/* Begin PBXShellScriptBuildPhase section */
		8548920E38D8B76ACEB030AB /* [CP] Check Pods Manifest.lock */ = {
			isa = PBXShellScriptBuildPhase;
			buildActionMask = 2147483647;
			files = (
			);
			inputPaths = (
				"${PODS_PODFILE_DIR_PATH}/Podfile.lock",
				"${PODS_ROOT}/Manifest.lock",
			);
			name = "[CP] Check Pods Manifest.lock";
			outputPaths = (
				"$(DERIVED_FILE_DIR)/Pods-Graph-iOS-Swift-Snippets-checkManifestLockResult.txt",
			);
			runOnlyForDeploymentPostprocessing = 0;
			shellPath = /bin/sh;
			shellScript = "diff \"${PODS_PODFILE_DIR_PATH}/Podfile.lock\" \"${PODS_ROOT}/Manifest.lock\" > /dev/null\nif [ $? != 0 ] ; then\n    # print error to STDERR\n    echo \"error: The sandbox is not in sync with the Podfile.lock. Run 'pod install' or update your CocoaPods installation.\" >&2\n    exit 1\nfi\n# This output is used by Xcode 'outputs' to avoid re-running this script phase.\necho \"SUCCESS\" > \"${SCRIPT_OUTPUT_FILE_0}\"\n";
			showEnvVarsInLog = 0;
		};
/* End PBXShellScriptBuildPhase section */

/* Begin PBXSourcesBuildPhase section */
		96B34CCC1CE548C500B6F4E8 /* Sources */ = {
			isa = PBXSourcesBuildPhase;
			buildActionMask = 2147483647;
			files = (
				960EBA121CEA8472007B8171 /* ConnectViewController.swift in Sources */,
				96B34CD81CE548C500B6F4E8 /* DetailViewController.swift in Sources */,
				96C4ED971CF6707600B97245 /* UserSnippets.swift in Sources */,
				96B34CD61CE548C500B6F4E8 /* MasterViewController.swift in Sources */,
				96C4ED991CF6709D00B97245 /* GroupsSnippets.swift in Sources */,
				96B34CD41CE548C500B6F4E8 /* AppDelegate.swift in Sources */,
				96B34CE81CE54D1000B6F4E8 /* Snippets.swift in Sources */,
				9682B8C31CEA92B500EEA064 /* Authentication.swift in Sources */,
				96C80A781CEA93AA005D8FC4 /* ApplicationConstants.swift in Sources */,
			);
			runOnlyForDeploymentPostprocessing = 0;
		};
/* End PBXSourcesBuildPhase section */

/* Begin PBXVariantGroup section */
		96B34CD91CE548C500B6F4E8 /* Main.storyboard */ = {
			isa = PBXVariantGroup;
			children = (
				96B34CDA1CE548C500B6F4E8 /* Base */,
			);
			name = Main.storyboard;
			sourceTree = "<group>";
		};
		96B34CDE1CE548C500B6F4E8 /* LaunchScreen.storyboard */ = {
			isa = PBXVariantGroup;
			children = (
				96B34CDF1CE548C500B6F4E8 /* Base */,
			);
			name = LaunchScreen.storyboard;
			sourceTree = "<group>";
		};
/* End PBXVariantGroup section */

/* Begin XCBuildConfiguration section */
		96B34CE21CE548C500B6F4E8 /* Debug */ = {
			isa = XCBuildConfiguration;
			buildSettings = {
				ALWAYS_SEARCH_USER_PATHS = NO;
				CLANG_ANALYZER_NONNULL = YES;
				CLANG_CXX_LANGUAGE_STANDARD = "gnu++0x";
				CLANG_CXX_LIBRARY = "libc++";
				CLANG_ENABLE_MODULES = YES;
				CLANG_ENABLE_OBJC_ARC = YES;
				CLANG_WARN_BLOCK_CAPTURE_AUTORELEASING = YES;
				CLANG_WARN_BOOL_CONVERSION = YES;
				CLANG_WARN_COMMA = YES;
				CLANG_WARN_CONSTANT_CONVERSION = YES;
				CLANG_WARN_DEPRECATED_OBJC_IMPLEMENTATIONS = YES;
				CLANG_WARN_DIRECT_OBJC_ISA_USAGE = YES_ERROR;
				CLANG_WARN_EMPTY_BODY = YES;
				CLANG_WARN_ENUM_CONVERSION = YES;
				CLANG_WARN_INFINITE_RECURSION = YES;
				CLANG_WARN_INT_CONVERSION = YES;
				CLANG_WARN_NON_LITERAL_NULL_CONVERSION = YES;
				CLANG_WARN_OBJC_IMPLICIT_RETAIN_SELF = YES;
				CLANG_WARN_OBJC_LITERAL_CONVERSION = YES;
				CLANG_WARN_OBJC_ROOT_CLASS = YES_ERROR;
				CLANG_WARN_RANGE_LOOP_ANALYSIS = YES;
				CLANG_WARN_STRICT_PROTOTYPES = YES;
				CLANG_WARN_SUSPICIOUS_MOVE = YES;
				CLANG_WARN_UNREACHABLE_CODE = YES;
				CLANG_WARN__DUPLICATE_METHOD_MATCH = YES;
				"CODE_SIGN_IDENTITY[sdk=iphoneos*]" = "iPhone Developer";
				COPY_PHASE_STRIP = NO;
				DEBUG_INFORMATION_FORMAT = dwarf;
				ENABLE_STRICT_OBJC_MSGSEND = YES;
				ENABLE_TESTABILITY = YES;
				GCC_C_LANGUAGE_STANDARD = gnu99;
				GCC_DYNAMIC_NO_PIC = NO;
				GCC_NO_COMMON_BLOCKS = YES;
				GCC_OPTIMIZATION_LEVEL = 0;
				GCC_PREPROCESSOR_DEFINITIONS = (
					"DEBUG=1",
					"$(inherited)",
				);
				GCC_WARN_64_TO_32_BIT_CONVERSION = YES;
				GCC_WARN_ABOUT_RETURN_TYPE = YES_ERROR;
				GCC_WARN_UNDECLARED_SELECTOR = YES;
				GCC_WARN_UNINITIALIZED_AUTOS = YES_AGGRESSIVE;
				GCC_WARN_UNUSED_FUNCTION = YES;
				GCC_WARN_UNUSED_VARIABLE = YES;
				IPHONEOS_DEPLOYMENT_TARGET = 9.3;
				MTL_ENABLE_DEBUG_INFO = YES;
				ONLY_ACTIVE_ARCH = YES;
				SDKROOT = iphoneos;
				SWIFT_OPTIMIZATION_LEVEL = "-Onone";
			};
			name = Debug;
		};
		96B34CE31CE548C500B6F4E8 /* Release */ = {
			isa = XCBuildConfiguration;
			buildSettings = {
				ALWAYS_SEARCH_USER_PATHS = NO;
				CLANG_ANALYZER_NONNULL = YES;
				CLANG_CXX_LANGUAGE_STANDARD = "gnu++0x";
				CLANG_CXX_LIBRARY = "libc++";
				CLANG_ENABLE_MODULES = YES;
				CLANG_ENABLE_OBJC_ARC = YES;
				CLANG_WARN_BLOCK_CAPTURE_AUTORELEASING = YES;
				CLANG_WARN_BOOL_CONVERSION = YES;
				CLANG_WARN_COMMA = YES;
				CLANG_WARN_CONSTANT_CONVERSION = YES;
				CLANG_WARN_DEPRECATED_OBJC_IMPLEMENTATIONS = YES;
				CLANG_WARN_DIRECT_OBJC_ISA_USAGE = YES_ERROR;
				CLANG_WARN_EMPTY_BODY = YES;
				CLANG_WARN_ENUM_CONVERSION = YES;
				CLANG_WARN_INFINITE_RECURSION = YES;
				CLANG_WARN_INT_CONVERSION = YES;
				CLANG_WARN_NON_LITERAL_NULL_CONVERSION = YES;
				CLANG_WARN_OBJC_IMPLICIT_RETAIN_SELF = YES;
				CLANG_WARN_OBJC_LITERAL_CONVERSION = YES;
				CLANG_WARN_OBJC_ROOT_CLASS = YES_ERROR;
				CLANG_WARN_RANGE_LOOP_ANALYSIS = YES;
				CLANG_WARN_STRICT_PROTOTYPES = YES;
				CLANG_WARN_SUSPICIOUS_MOVE = YES;
				CLANG_WARN_UNREACHABLE_CODE = YES;
				CLANG_WARN__DUPLICATE_METHOD_MATCH = YES;
				"CODE_SIGN_IDENTITY[sdk=iphoneos*]" = "iPhone Developer";
				COPY_PHASE_STRIP = NO;
				DEBUG_INFORMATION_FORMAT = "dwarf-with-dsym";
				ENABLE_NS_ASSERTIONS = NO;
				ENABLE_STRICT_OBJC_MSGSEND = YES;
				GCC_C_LANGUAGE_STANDARD = gnu99;
				GCC_NO_COMMON_BLOCKS = YES;
				GCC_WARN_64_TO_32_BIT_CONVERSION = YES;
				GCC_WARN_ABOUT_RETURN_TYPE = YES_ERROR;
				GCC_WARN_UNDECLARED_SELECTOR = YES;
				GCC_WARN_UNINITIALIZED_AUTOS = YES_AGGRESSIVE;
				GCC_WARN_UNUSED_FUNCTION = YES;
				GCC_WARN_UNUSED_VARIABLE = YES;
				IPHONEOS_DEPLOYMENT_TARGET = 9.3;
				MTL_ENABLE_DEBUG_INFO = NO;
				SDKROOT = iphoneos;
				SWIFT_COMPILATION_MODE = wholemodule;
				VALIDATE_PRODUCT = YES;
			};
			name = Release;
		};
		96B34CE51CE548C500B6F4E8 /* Debug */ = {
			isa = XCBuildConfiguration;
			baseConfigurationReference = 1A6FD9F3B470B571895415AF /* Pods-Graph-iOS-Swift-Snippets.debug.xcconfig */;
			buildSettings = {
				ASSETCATALOG_COMPILER_APPICON_NAME = AppIcon;
				CLANG_ENABLE_MODULES = YES;
				INFOPLIST_FILE = "Graph-iOS-Swift-Snippets/Info.plist";
				IPHONEOS_DEPLOYMENT_TARGET = 11.0;
				LD_RUNPATH_SEARCH_PATHS = "$(inherited) @executable_path/Frameworks";
				PRODUCT_BUNDLE_IDENTIFIER = "com.microsoft.Graph-iOS-Swift-Snippets";
				PRODUCT_NAME = "$(TARGET_NAME)";
				SWIFT_OBJC_BRIDGING_HEADER = "Graph-iOS-Swift-Snippets/Graph-iOS-Swift-Snippets-Bridging-Header.h";
				SWIFT_OPTIMIZATION_LEVEL = "-Onone";
				SWIFT_VERSION = 4.2;
				TARGETED_DEVICE_FAMILY = "1,2";
			};
			name = Debug;
		};
		96B34CE61CE548C500B6F4E8 /* Release */ = {
			isa = XCBuildConfiguration;
			baseConfigurationReference = 88338EAC202F86B11BFC9413 /* Pods-Graph-iOS-Swift-Snippets.release.xcconfig */;
			buildSettings = {
				ASSETCATALOG_COMPILER_APPICON_NAME = AppIcon;
				CLANG_ENABLE_MODULES = YES;
				INFOPLIST_FILE = "Graph-iOS-Swift-Snippets/Info.plist";
				IPHONEOS_DEPLOYMENT_TARGET = 11.0;
				LD_RUNPATH_SEARCH_PATHS = "$(inherited) @executable_path/Frameworks";
				PRODUCT_BUNDLE_IDENTIFIER = "com.microsoft.Graph-iOS-Swift-Snippets";
				PRODUCT_NAME = "$(TARGET_NAME)";
				SWIFT_OBJC_BRIDGING_HEADER = "Graph-iOS-Swift-Snippets/Graph-iOS-Swift-Snippets-Bridging-Header.h";
				SWIFT_VERSION = 4.2;
				TARGETED_DEVICE_FAMILY = "1,2";
			};
			name = Release;
		};
/* End XCBuildConfiguration section */

/* Begin XCConfigurationList section */
		96B34CCB1CE548C500B6F4E8 /* Build configuration list for PBXProject "Graph-iOS-Swift-Snippets" */ = {
			isa = XCConfigurationList;
			buildConfigurations = (
				96B34CE21CE548C500B6F4E8 /* Debug */,
				96B34CE31CE548C500B6F4E8 /* Release */,
			);
			defaultConfigurationIsVisible = 0;
			defaultConfigurationName = Release;
		};
		96B34CE41CE548C500B6F4E8 /* Build configuration list for PBXNativeTarget "Graph-iOS-Swift-Snippets" */ = {
			isa = XCConfigurationList;
			buildConfigurations = (
				96B34CE51CE548C500B6F4E8 /* Debug */,
				96B34CE61CE548C500B6F4E8 /* Release */,
			);
			defaultConfigurationIsVisible = 0;
			defaultConfigurationName = Release;
		};
/* End XCConfigurationList section */
	};
	rootObject = 96B34CC81CE548C500B6F4E8 /* Project object */;
}
